# THIS IS AN AUTOGENERATED FILE. DO NOT EDIT THIS FILE DIRECTLY.
# yarn lockfile v1


flow-parser@^0.145.0:
  version "0.145.0"
  resolved "https://registry.yarnpkg.com/flow-parser/-/flow-parser-0.145.0.tgz#e39af5f3470211cf21a50eb589da4d5cc5f71f39"
  integrity sha512-dqpYiE0rZopmex5FR6pi/HTia8i+q/euc9WUWH6fTLt6sQgXjnAcsOwgMMLHCxwCSqPrvi/XFmBiicKitLNrKA==

flow-remove-types@^2.145.0:
  version "2.145.0"
  resolved "https://registry.yarnpkg.com/flow-remove-types/-/flow-remove-types-2.145.0.tgz#3be409387362da5f2e6a824b2306fd455ddc0c4f"
  integrity sha512-P80u1yzJsiFu15+poHqoYbU/rcEqUcaI3NcR6kmPyAjgcrhPlxLi3/73tfg3C5FFl9+JR7+Xkv/PQYgg4yyCoQ==
  dependencies:
    flow-parser "^0.145.0"
    pirates "^3.0.2"
    vlq "^0.2.1"

node-modules-regexp@^1.0.0:
  version "1.0.0"
  resolved "https://registry.yarnpkg.com/node-modules-regexp/-/node-modules-regexp-1.0.0.tgz#8d9dbe28964a4ac5712e9131642107c71e90ec40"
  integrity sha1-jZ2+KJZKSsVxLpExZCEHxx6Q7EA=

pirates@^3.0.2:
  version "3.0.2"
  resolved "https://registry.yarnpkg.com/pirates/-/pirates-3.0.2.tgz#7e6f85413fd9161ab4e12b539b06010d85954bb9"
  integrity sha512-c5CgUJq6H2k6MJz72Ak1F5sN9n9wlSlJyEnwvpm9/y3WB4E3pHBDT2c6PEiS1vyJvq2bUxUAIu0EGf8Cx4Ic7Q==
  dependencies:
    node-modules-regexp "^1.0.0"

vlq@^0.2.1:
  version "0.2.3"
  resolved "https://registry.yarnpkg.com/vlq/-/vlq-0.2.3.tgz#8f3e4328cf63b1540c0d67e1b2778386f8975b26"
  integrity sha512-DRibZL6DsNhIgYQ+wNdWDL2SL3bKPlVrRiBqV5yuMm++op8W4kGFtaQfCs4KEJn0wBZcHVHJ3eoywX8983k1ow==
